
Microsoft Visual Studio Solution File, Format Version 12.00
# Visual Studio Version 17
VisualStudioVersion = 17.6.33815.320
MinimumVisualStudioVersion = 10.0.40219.1
Project("{9A19103F-16F7-4668-BE54-9A1E7A4F7556}") = "Homework4.1", "Homework4.1\Homework4.1.csproj", "{6D09CA1D-4F6A-4962-B9DF-51DC68491401}"
EndProject
Project("{9A19103F-16F7-4668-BE54-9A1E7A4F7556}") = "Homework4.2", "Homework4.2\Homework4.2.csproj", "{A2B64EC7-3A4D-44C7-B2D0-A98189142197}"
EndProject
Project("{9A19103F-16F7-4668-BE54-9A1E7A4F7556}") = "Homework4.3", "Homework4.3\Homework4.3.csproj", "{FE27865B-19BC-4ED9-BB50-EE8B337BA877}"
EndProject
Project("{9A19103F-16F7-4668-BE54-9A1E7A4F7556}") = "Homework5.1", "Homework5.1\Homework5.1.csproj", "{743E6237-DBCC-4840-97F9-FAFA0D043843}"
EndProject
Project("{9A19103F-16F7-4668-BE54-9A1E7A4F7556}") = "Homework5.2", "Homework5.2\Homework5.2.csproj", "{EAC23307-7CEF-444B-A624-17426BD99526}"
EndProject
Project("{9A19103F-16F7-4668-BE54-9A1E7A4F7556}") = "Homework6.1", "Homework6.1\Homework6.1.csproj", "{BC4F7454-6F2E-4086-958C-ED7DFBA3BE7D}"
EndProject
Project("{9A19103F-16F7-4668-BE54-9A1E7A4F7556}") = "Homework6.2", "Homework6.2\Homework6.2.csproj", "{FE4C189C-701F-43AD-9394-20B10A6D11FF}"
EndProject
Project("{9A19103F-16F7-4668-BE54-9A1E7A4F7556}") = "Homework6.3", "Homework6.3\Homework6.3.csproj", "{C4DFC018-B537-4767-981A-79A280C47D16}"
EndProject
Project("{9A19103F-16F7-4668-BE54-9A1E7A4F7556}") = "Homework7.1", "Homework7.1\Homework7.1.csproj", "{5359B8C8-519C-41D3-BAD7-C628992F9A7C}"
EndProject
Project("{9A19103F-16F7-4668-BE54-9A1E7A4F7556}") = "Homework7.2", "Homework7.2\Homework7.2.csproj", "{2EDC7AAF-80D0-4933-9BEE-FDAADDD0E3D7}"
EndProject
Project("{9A19103F-16F7-4668-BE54-9A1E7A4F7556}") = "Homework7.3", "Homework7.3\Homework7.3.csproj", "{7E0C4B5D-D5E2-492B-ADA7-017B9D827C91}"
EndProject
Project("{9A19103F-16F7-4668-BE54-9A1E7A4F7556}") = "Homework12.1", "Homework12.1\Homework12.1.csproj", "{71889AAD-25A9-4E60-9714-01C2A10929C0}"
EndProject
Project("{9A19103F-16F7-4668-BE54-9A1E7A4F7556}") = "Homework12.2", "Homework12.2\Homework12.2.csproj", "{69E02BA1-52B6-4E3D-B6B2-9DC3AA97ED21}"
EndProject
Project("{2150E333-8FDC-42A3-9474-1A3956D46DE8}") = "Homework4", "Homework4", "{BACB2E1E-1FB6-4341-AC56-D7DB7CA87A29}"
EndProject
Project("{2150E333-8FDC-42A3-9474-1A3956D46DE8}") = "Homework5", "Homework5", "{44FDCF5B-71E6-4130-B6C5-B8456007D436}"
EndProject
Project("{2150E333-8FDC-42A3-9474-1A3956D46DE8}") = "Homework6", "Homework6", "{8AB9B512-4596-46B3-8FE6-0A3316EE39F7}"
EndProject
Project("{2150E333-8FDC-42A3-9474-1A3956D46DE8}") = "Homework7", "Homework7", "{8AB02BC5-CCB6-4C02-9FED-C684B43636B8}"
EndProject
Project("{2150E333-8FDC-42A3-9474-1A3956D46DE8}") = "Homework12", "Homework12", "{4FA59A96-32BA-40F2-85AF-2B2FE1D2EEB1}"
EndProject
Global
	GlobalSection(SolutionConfigurationPlatforms) = preSolution
		Debug|Any CPU = Debug|Any CPU
		Release|Any CPU = Release|Any CPU
	EndGlobalSection
	GlobalSection(ProjectConfigurationPlatforms) = postSolution
		{6D09CA1D-4F6A-4962-B9DF-51DC68491401}.Debug|Any CPU.ActiveCfg = Debug|Any CPU
		{6D09CA1D-4F6A-4962-B9DF-51DC68491401}.Debug|Any CPU.Build.0 = Debug|Any CPU
		{6D09CA1D-4F6A-4962-B9DF-51DC68491401}.Release|Any CPU.ActiveCfg = Release|Any CPU
		{6D09CA1D-4F6A-4962-B9DF-51DC68491401}.Release|Any CPU.Build.0 = Release|Any CPU
		{A2B64EC7-3A4D-44C7-B2D0-A98189142197}.Debug|Any CPU.ActiveCfg = Debug|Any CPU
		{A2B64EC7-3A4D-44C7-B2D0-A98189142197}.Debug|Any CPU.Build.0 = Debug|Any CPU
		{A2B64EC7-3A4D-44C7-B2D0-A98189142197}.Release|Any CPU.ActiveCfg = Release|Any CPU
		{A2B64EC7-3A4D-44C7-B2D0-A98189142197}.Release|Any CPU.Build.0 = Release|Any CPU
		{FE27865B-19BC-4ED9-BB50-EE8B337BA877}.Debug|Any CPU.ActiveCfg = Debug|Any CPU
		{FE27865B-19BC-4ED9-BB50-EE8B337BA877}.Debug|Any CPU.Build.0 = Debug|Any CPU
		{FE27865B-19BC-4ED9-BB50-EE8B337BA877}.Release|Any CPU.ActiveCfg = Release|Any CPU
		{FE27865B-19BC-4ED9-BB50-EE8B337BA877}.Release|Any CPU.Build.0 = Release|Any CPU
		{743E6237-DBCC-4840-97F9-FAFA0D043843}.Debug|Any CPU.ActiveCfg = Debug|Any CPU
		{743E6237-DBCC-4840-97F9-FAFA0D043843}.Debug|Any CPU.Build.0 = Debug|Any CPU
		{743E6237-DBCC-4840-97F9-FAFA0D043843}.Release|Any CPU.ActiveCfg = Release|Any CPU
		{743E6237-DBCC-4840-97F9-FAFA0D043843}.Release|Any CPU.Build.0 = Release|Any CPU
		{EAC23307-7CEF-444B-A624-17426BD99526}.Debug|Any CPU.ActiveCfg = Debug|Any CPU
		{EAC23307-7CEF-444B-A624-17426BD99526}.Debug|Any CPU.Build.0 = Debug|Any CPU
		{EAC23307-7CEF-444B-A624-17426BD99526}.Release|Any CPU.ActiveCfg = Release|Any CPU
		{EAC23307-7CEF-444B-A624-17426BD99526}.Release|Any CPU.Build.0 = Release|Any CPU
		{BC4F7454-6F2E-4086-958C-ED7DFBA3BE7D}.Debug|Any CPU.ActiveCfg = Debug|Any CPU
		{BC4F7454-6F2E-4086-958C-ED7DFBA3BE7D}.Debug|Any CPU.Build.0 = Debug|Any CPU
		{BC4F7454-6F2E-4086-958C-ED7DFBA3BE7D}.Release|Any CPU.ActiveCfg = Release|Any CPU
		{BC4F7454-6F2E-4086-958C-ED7DFBA3BE7D}.Release|Any CPU.Build.0 = Release|Any CPU
		{FE4C189C-701F-43AD-9394-20B10A6D11FF}.Debug|Any CPU.ActiveCfg = Debug|Any CPU
		{FE4C189C-701F-43AD-9394-20B10A6D11FF}.Debug|Any CPU.Build.0 = Debug|Any CPU
		{FE4C189C-701F-43AD-9394-20B10A6D11FF}.Release|Any CPU.ActiveCfg = Release|Any CPU
		{FE4C189C-701F-43AD-9394-20B10A6D11FF}.Release|Any CPU.Build.0 = Release|Any CPU
		{C4DFC018-B537-4767-981A-79A280C47D16}.Debug|Any CPU.ActiveCfg = Debug|Any CPU
		{C4DFC018-B537-4767-981A-79A280C47D16}.Debug|Any CPU.Build.0 = Debug|Any CPU
		{C4DFC018-B537-4767-981A-79A280C47D16}.Release|Any CPU.ActiveCfg = Release|Any CPU
		{C4DFC018-B537-4767-981A-79A280C47D16}.Release|Any CPU.Build.0 = Release|Any CPU
		{5359B8C8-519C-41D3-BAD7-C628992F9A7C}.Debug|Any CPU.ActiveCfg = Debug|Any CPU
		{5359B8C8-519C-41D3-BAD7-C628992F9A7C}.Debug|Any CPU.Build.0 = Debug|Any CPU
		{5359B8C8-519C-41D3-BAD7-C628992F9A7C}.Release|Any CPU.ActiveCfg = Release|Any CPU
		{5359B8C8-519C-41D3-BAD7-C628992F9A7C}.Release|Any CPU.Build.0 = Release|Any CPU
		{2EDC7AAF-80D0-4933-9BEE-FDAADDD0E3D7}.Debug|Any CPU.ActiveCfg = Debug|Any CPU
		{2EDC7AAF-80D0-4933-9BEE-FDAADDD0E3D7}.Debug|Any CPU.Build.0 = Debug|Any CPU
		{2EDC7AAF-80D0-4933-9BEE-FDAADDD0E3D7}.Release|Any CPU.ActiveCfg = Release|Any CPU
		{2EDC7AAF-80D0-4933-9BEE-FDAADDD0E3D7}.Release|Any CPU.Build.0 = Release|Any CPU
		{7E0C4B5D-D5E2-492B-ADA7-017B9D827C91}.Debug|Any CPU.ActiveCfg = Debug|Any CPU
		{7E0C4B5D-D5E2-492B-ADA7-017B9D827C91}.Debug|Any CPU.Build.0 = Debug|Any CPU
		{7E0C4B5D-D5E2-492B-ADA7-017B9D827C91}.Release|Any CPU.ActiveCfg = Release|Any CPU
		{7E0C4B5D-D5E2-492B-ADA7-017B9D827C91}.Release|Any CPU.Build.0 = Release|Any CPU
		{71889AAD-25A9-4E60-9714-01C2A10929C0}.Debug|Any CPU.ActiveCfg = Debug|Any CPU
		{71889AAD-25A9-4E60-9714-01C2A10929C0}.Debug|Any CPU.Build.0 = Debug|Any CPU
		{71889AAD-25A9-4E60-9714-01C2A10929C0}.Release|Any CPU.ActiveCfg = Release|Any CPU
		{71889AAD-25A9-4E60-9714-01C2A10929C0}.Release|Any CPU.Build.0 = Release|Any CPU
		{69E02BA1-52B6-4E3D-B6B2-9DC3AA97ED21}.Debug|Any CPU.ActiveCfg = Debug|Any CPU
		{69E02BA1-52B6-4E3D-B6B2-9DC3AA97ED21}.Debug|Any CPU.Build.0 = Debug|Any CPU
		{69E02BA1-52B6-4E3D-B6B2-9DC3AA97ED21}.Release|Any CPU.ActiveCfg = Release|Any CPU
		{69E02BA1-52B6-4E3D-B6B2-9DC3AA97ED21}.Release|Any CPU.Build.0 = Release|Any CPU
	EndGlobalSection
	GlobalSection(SolutionProperties) = preSolution
		HideSolutionNode = FALSE
	EndGlobalSection
	GlobalSection(NestedProjects) = preSolution
		{6D09CA1D-4F6A-4962-B9DF-51DC68491401} = {BACB2E1E-1FB6-4341-AC56-D7DB7CA87A29}
		{A2B64EC7-3A4D-44C7-B2D0-A98189142197} = {BACB2E1E-1FB6-4341-AC56-D7DB7CA87A29}
		{FE27865B-19BC-4ED9-BB50-EE8B337BA877} = {BACB2E1E-1FB6-4341-AC56-D7DB7CA87A29}
		{743E6237-DBCC-4840-97F9-FAFA0D043843} = {44FDCF5B-71E6-4130-B6C5-B8456007D436}
		{EAC23307-7CEF-444B-A624-17426BD99526} = {44FDCF5B-71E6-4130-B6C5-B8456007D436}
		{BC4F7454-6F2E-4086-958C-ED7DFBA3BE7D} = {8AB9B512-4596-46B3-8FE6-0A3316EE39F7}
		{FE4C189C-701F-43AD-9394-20B10A6D11FF} = {8AB9B512-4596-46B3-8FE6-0A3316EE39F7}
		{C4DFC018-B537-4767-981A-79A280C47D16} = {8AB9B512-4596-46B3-8FE6-0A3316EE39F7}
		{5359B8C8-519C-41D3-BAD7-C628992F9A7C} = {8AB02BC5-CCB6-4C02-9FED-C684B43636B8}
		{2EDC7AAF-80D0-4933-9BEE-FDAADDD0E3D7} = {8AB02BC5-CCB6-4C02-9FED-C684B43636B8}
		{7E0C4B5D-D5E2-492B-ADA7-017B9D827C91} = {8AB02BC5-CCB6-4C02-9FED-C684B43636B8}
		{71889AAD-25A9-4E60-9714-01C2A10929C0} = {4FA59A96-32BA-40F2-85AF-2B2FE1D2EEB1}
		{69E02BA1-52B6-4E3D-B6B2-9DC3AA97ED21} = {4FA59A96-32BA-40F2-85AF-2B2FE1D2EEB1}
	EndGlobalSection
	GlobalSection(ExtensibilityGlobals) = postSolution
		SolutionGuid = {AD2A05C7-1DF7-4AB2-B3A9-A17F667CE720}
	EndGlobalSection
EndGlobal
